PackratFormat: 1.4
PackratVersion: 0.4.7.1
RVersion: 3.2.4
Repos: CRAN=https://cran.rstudio.com/

Package: adaptMCMC
Source: CRAN
Version: 1.1
Hash: 2f264a54a85501a2707aa5d3f9b2de6c
Requires: coda

Package: ape
Source: CRAN
Version: 3.4
Hash: 27269ec5e079292fd9c5f4bc60c56a36
Requires: nlme

Package: chron
Source: CRAN
Version: 2.3-47
Hash: d25d96d908cd21080f24c89eed4c80a0

Package: coda
Source: CRAN
Version: 0.18-1
Hash: 2c2850226efa6a8aaf9b02704ffd3682

Package: data.table
Source: CRAN
Version: 1.9.6
Hash: f92ef1f73afa43bf6fd69a22f3794abd
Requires: chron

Package: nlme
Source: CRAN
Version: 3.1-126
Hash: 743c16ad6b5dad082ff7c03159d4eb5e

Package: packrat
Source: CRAN
Version: 0.4.7-1
Hash: 16ca16d36eb18d1d16113606ecc5c400
